
Microsoft Visual Studio Solution File, Format Version 12.00
# Visual Studio 14
VisualStudioVersion = 14.0.25123.0
MinimumVisualStudioVersion = 10.0.40219.1
Project("{FAE04EC0-301F-11D3-BF4B-00C04F79EFBC}") = "QbservableClient", "Source\QbservableClient\QbservableClient.csproj", "{DE8EF976-4C04-489A-9C43-006F1830C425}"
EndProject
Project("{FAE04EC0-301F-11D3-BF4B-00C04F79EFBC}") = "QbservableServer", "Source\QbservableServer\QbservableServer.csproj", "{FB7FC098-A383-4EB6-8ED1-8D27EC68A55F}"
EndProject
Project("{FAE04EC0-301F-11D3-BF4B-00C04F79EFBC}") = "SharedLibrary", "Source\SharedLibrary\SharedLibrary.csproj", "{307C321F-1054-43BE-9977-6973E4636192}"
EndProject
Project("{2150E333-8FDC-42A3-9474-1A3956D46DE8}") = "Source", "Source", "{9D1E9076-948A-4EED-B4E5-3D419E62E05A}"
EndProject
Project("{2150E333-8FDC-42A3-9474-1A3956D46DE8}") = "Examples", "Examples", "{BCC25A8F-A4FB-44A7-9369-D48D46115BB1}"
EndProject
Project("{2150E333-8FDC-42A3-9474-1A3956D46DE8}") = "Artifacts", "Artifacts", "{E63D2A4E-6525-47A0-99C5-E9114F1F1DF7}"
	ProjectSection(SolutionItems) = preProject
		README.md = README.md
		Artifacts\Security Guidelines.md = Artifacts\Security Guidelines.md
	EndProjectSection
EndProject
Project("{2150E333-8FDC-42A3-9474-1A3956D46DE8}") = "Build", "Build", "{AB656064-E9C9-41A8-B447-2F658A0CB424}"
	ProjectSection(SolutionItems) = preProject
		Build\Deploy.targets = Build\Deploy.targets
		Build\NuGet.props = Build\NuGet.props
		Qactive.vssettings = Qactive.vssettings
	EndProjectSection
EndProject
Project("{2150E333-8FDC-42A3-9474-1A3956D46DE8}") = "Properties", "Properties", "{DDC0126B-16BC-49C0-8B11-31856E565F4F}"
	ProjectSection(SolutionItems) = preProject
		Build\Properties\AssemblyInfoShared.cs = Build\Properties\AssemblyInfoShared.cs
		Build\Properties\CodeAnalysis.ruleset = Build\Properties\CodeAnalysis.ruleset
		Build\Properties\CodeAnalysisDictionary.xml = Build\Properties\CodeAnalysisDictionary.xml
		Build\Properties\CodeAnalysisDictionary.xsd = Build\Properties\CodeAnalysisDictionary.xsd
	EndProjectSection
EndProject
Project("{FAE04EC0-301F-11D3-BF4B-00C04F79EFBC}") = "Qactive", "Source\Qactive\Qactive.csproj", "{9B68408D-1974-4F76-9C89-ECCD466A25E0}"
EndProject
Project("{FAE04EC0-301F-11D3-BF4B-00C04F79EFBC}") = "Qactive.Expressions", "Source\Qactive.Expressions\Qactive.Expressions.csproj", "{63F23287-B0D8-408E-995D-BF15A85CEE48}"
EndProject
Project("{FAE04EC0-301F-11D3-BF4B-00C04F79EFBC}") = "Qactive.Providers.Tcp", "Source\Qactive.Providers.Tcp\Qactive.Providers.Tcp.csproj", "{33525618-7ED6-4B4E-A4B7-945BEAA372FF}"
EndProject
Project("{2150E333-8FDC-42A3-9474-1A3956D46DE8}") = "Testing", "Testing", "{F6E91F88-34F1-4B64-82A5-30EB1BF2C251}"
EndProject
Project("{FAE04EC0-301F-11D3-BF4B-00C04F79EFBC}") = "Qactive.Tests", "Testing\Qactive.Tests\Qactive.Tests.csproj", "{5BA353FF-7C86-4BD4-BE64-8FF7572A993D}"
EndProject
Project("{FAE04EC0-301F-11D3-BF4B-00C04F79EFBC}") = "Qactive.Providers.Streaming", "Source\Qactive.Providers.Streaming\Qactive.Providers.Streaming.csproj", "{C83A5841-A1ED-454C-9C66-238AD217EE83}"
EndProject
Project("{FAE04EC0-301F-11D3-BF4B-00C04F79EFBC}") = "Qactive-Net45", "Source\Qactive-Net45\Qactive-Net45.csproj", "{FDFE9523-BB5D-4E3F-A2DA-AEC88EC556EB}"
EndProject
Project("{2150E333-8FDC-42A3-9474-1A3956D46DE8}") = "Flavors", "Flavors", "{2F367CF8-CF43-45AC-A152-D326D4F28F20}"
EndProject
Global
	GlobalSection(SolutionConfigurationPlatforms) = preSolution
		Debug|Any CPU = Debug|Any CPU
		Release|Any CPU = Release|Any CPU
	EndGlobalSection
	GlobalSection(ProjectConfigurationPlatforms) = postSolution
		{DE8EF976-4C04-489A-9C43-006F1830C425}.Debug|Any CPU.ActiveCfg = Debug|Any CPU
		{DE8EF976-4C04-489A-9C43-006F1830C425}.Debug|Any CPU.Build.0 = Debug|Any CPU
		{DE8EF976-4C04-489A-9C43-006F1830C425}.Release|Any CPU.ActiveCfg = Release|Any CPU
		{DE8EF976-4C04-489A-9C43-006F1830C425}.Release|Any CPU.Build.0 = Release|Any CPU
		{FB7FC098-A383-4EB6-8ED1-8D27EC68A55F}.Debug|Any CPU.ActiveCfg = Debug|Any CPU
		{FB7FC098-A383-4EB6-8ED1-8D27EC68A55F}.Debug|Any CPU.Build.0 = Debug|Any CPU
		{FB7FC098-A383-4EB6-8ED1-8D27EC68A55F}.Release|Any CPU.ActiveCfg = Release|Any CPU
		{FB7FC098-A383-4EB6-8ED1-8D27EC68A55F}.Release|Any CPU.Build.0 = Release|Any CPU
		{307C321F-1054-43BE-9977-6973E4636192}.Debug|Any CPU.ActiveCfg = Debug|Any CPU
		{307C321F-1054-43BE-9977-6973E4636192}.Debug|Any CPU.Build.0 = Debug|Any CPU
		{307C321F-1054-43BE-9977-6973E4636192}.Release|Any CPU.ActiveCfg = Release|Any CPU
		{307C321F-1054-43BE-9977-6973E4636192}.Release|Any CPU.Build.0 = Release|Any CPU
		{9B68408D-1974-4F76-9C89-ECCD466A25E0}.Debug|Any CPU.ActiveCfg = Debug|Any CPU
		{9B68408D-1974-4F76-9C89-ECCD466A25E0}.Debug|Any CPU.Build.0 = Debug|Any CPU
		{9B68408D-1974-4F76-9C89-ECCD466A25E0}.Release|Any CPU.ActiveCfg = Release|Any CPU
		{9B68408D-1974-4F76-9C89-ECCD466A25E0}.Release|Any CPU.Build.0 = Release|Any CPU
		{63F23287-B0D8-408E-995D-BF15A85CEE48}.Debug|Any CPU.ActiveCfg = Debug|Any CPU
		{63F23287-B0D8-408E-995D-BF15A85CEE48}.Debug|Any CPU.Build.0 = Debug|Any CPU
		{63F23287-B0D8-408E-995D-BF15A85CEE48}.Release|Any CPU.ActiveCfg = Release|Any CPU
		{63F23287-B0D8-408E-995D-BF15A85CEE48}.Release|Any CPU.Build.0 = Release|Any CPU
		{33525618-7ED6-4B4E-A4B7-945BEAA372FF}.Debug|Any CPU.ActiveCfg = Debug|Any CPU
		{33525618-7ED6-4B4E-A4B7-945BEAA372FF}.Debug|Any CPU.Build.0 = Debug|Any CPU
		{33525618-7ED6-4B4E-A4B7-945BEAA372FF}.Release|Any CPU.ActiveCfg = Release|Any CPU
		{33525618-7ED6-4B4E-A4B7-945BEAA372FF}.Release|Any CPU.Build.0 = Release|Any CPU
		{5BA353FF-7C86-4BD4-BE64-8FF7572A993D}.Debug|Any CPU.ActiveCfg = Debug|Any CPU
		{5BA353FF-7C86-4BD4-BE64-8FF7572A993D}.Debug|Any CPU.Build.0 = Debug|Any CPU
		{5BA353FF-7C86-4BD4-BE64-8FF7572A993D}.Release|Any CPU.ActiveCfg = Release|Any CPU
		{5BA353FF-7C86-4BD4-BE64-8FF7572A993D}.Release|Any CPU.Build.0 = Release|Any CPU
		{C83A5841-A1ED-454C-9C66-238AD217EE83}.Debug|Any CPU.ActiveCfg = Debug|Any CPU
		{C83A5841-A1ED-454C-9C66-238AD217EE83}.Debug|Any CPU.Build.0 = Debug|Any CPU
		{C83A5841-A1ED-454C-9C66-238AD217EE83}.Release|Any CPU.ActiveCfg = Release|Any CPU
		{C83A5841-A1ED-454C-9C66-238AD217EE83}.Release|Any CPU.Build.0 = Release|Any CPU
		{FDFE9523-BB5D-4E3F-A2DA-AEC88EC556EB}.Debug|Any CPU.ActiveCfg = Debug|Any CPU
		{FDFE9523-BB5D-4E3F-A2DA-AEC88EC556EB}.Debug|Any CPU.Build.0 = Debug|Any CPU
		{FDFE9523-BB5D-4E3F-A2DA-AEC88EC556EB}.Release|Any CPU.ActiveCfg = Release|Any CPU
		{FDFE9523-BB5D-4E3F-A2DA-AEC88EC556EB}.Release|Any CPU.Build.0 = Release|Any CPU
	EndGlobalSection
	GlobalSection(SolutionProperties) = preSolution
		HideSolutionNode = FALSE
	EndGlobalSection
	GlobalSection(NestedProjects) = preSolution
		{DE8EF976-4C04-489A-9C43-006F1830C425} = {BCC25A8F-A4FB-44A7-9369-D48D46115BB1}
		{FB7FC098-A383-4EB6-8ED1-8D27EC68A55F} = {BCC25A8F-A4FB-44A7-9369-D48D46115BB1}
		{307C321F-1054-43BE-9977-6973E4636192} = {BCC25A8F-A4FB-44A7-9369-D48D46115BB1}
		{DDC0126B-16BC-49C0-8B11-31856E565F4F} = {AB656064-E9C9-41A8-B447-2F658A0CB424}
		{9B68408D-1974-4F76-9C89-ECCD466A25E0} = {9D1E9076-948A-4EED-B4E5-3D419E62E05A}
		{63F23287-B0D8-408E-995D-BF15A85CEE48} = {9D1E9076-948A-4EED-B4E5-3D419E62E05A}
		{33525618-7ED6-4B4E-A4B7-945BEAA372FF} = {9D1E9076-948A-4EED-B4E5-3D419E62E05A}
		{5BA353FF-7C86-4BD4-BE64-8FF7572A993D} = {F6E91F88-34F1-4B64-82A5-30EB1BF2C251}
		{C83A5841-A1ED-454C-9C66-238AD217EE83} = {9D1E9076-948A-4EED-B4E5-3D419E62E05A}
		{FDFE9523-BB5D-4E3F-A2DA-AEC88EC556EB} = {2F367CF8-CF43-45AC-A152-D326D4F28F20}
		{2F367CF8-CF43-45AC-A152-D326D4F28F20} = {9D1E9076-948A-4EED-B4E5-3D419E62E05A}
	EndGlobalSection
EndGlobal
